
Microsoft Visual Studio Solution File, Format Version 12.00
# Visual Studio 15
VisualStudioVersion = 15.0.27130.2024
MinimumVisualStudioVersion = 10.0.40219.1
Project("{FAE04EC0-301F-11D3-BF4B-00C04F79EFBC}") = "DonationWebsite", "DonationWebsite\DonationWebsite.csproj", "{256B429A-6BE1-4438-961B-71EB2515174D}"
EndProject
Global
	GlobalSection(SolutionConfigurationPlatforms) = preSolution
		Debug|Any CPU = Debug|Any CPU
		Release|Any CPU = Release|Any CPU
	EndGlobalSection
	GlobalSection(ProjectConfigurationPlatforms) = postSolution
		{256B429A-6BE1-4438-961B-71EB2515174D}.Debug|Any CPU.ActiveCfg = Debug|Any CPU
		{256B429A-6BE1-4438-961B-71EB2515174D}.Debug|Any CPU.Build.0 = Debug|Any CPU
		{256B429A-6BE1-4438-961B-71EB2515174D}.Release|Any CPU.ActiveCfg = Release|Any CPU
		{256B429A-6BE1-4438-961B-71EB2515174D}.Release|Any CPU.Build.0 = Release|Any CPU
	EndGlobalSection
	GlobalSection(SolutionProperties) = preSolution
		HideSolutionNode = FALSE
	EndGlobalSection
	GlobalSection(ExtensibilityGlobals) = postSolution
		SolutionGuid = {5426361D-7455-4FCC-9621-DC07F3C1D256}
	EndGlobalSection
EndGlobal
